
Microsoft Visual Studio Solution File, Format Version 12.00
# Visual Studio Version 16
VisualStudioVersion = 16.0.31911.196
MinimumVisualStudioVersion = 10.0.40219.1
Project("{FAE04EC0-301F-11D3-BF4B-00C04F79EFBC}") = "BusinessLayer", "BusinessLayer\BusinessLayer.csproj", "{C00708E9-2728-4B27-9B4A-753046141403}"
EndProject
Project("{FAE04EC0-301F-11D3-BF4B-00C04F79EFBC}") = "DataLayer", "DataLayer\DataLayer.csproj", "{BBBD9233-7AED-48A3-9207-6CEF6851C2F7}"
EndProject
Project("{FAE04EC0-301F-11D3-BF4B-00C04F79EFBC}") = "WebApi", "WebApi\WebApi.csproj", "{63FCD1E9-8802-4B4A-B145-7F241CBFFF36}"
EndProject
Global
	GlobalSection(SolutionConfigurationPlatforms) = preSolution
		Debug|Any CPU = Debug|Any CPU
		Release|Any CPU = Release|Any CPU
	EndGlobalSection
	GlobalSection(ProjectConfigurationPlatforms) = postSolution
		{C00708E9-2728-4B27-9B4A-753046141403}.Debug|Any CPU.ActiveCfg = Debug|Any CPU
		{C00708E9-2728-4B27-9B4A-753046141403}.Debug|Any CPU.Build.0 = Debug|Any CPU
		{C00708E9-2728-4B27-9B4A-753046141403}.Release|Any CPU.ActiveCfg = Release|Any CPU
		{C00708E9-2728-4B27-9B4A-753046141403}.Release|Any CPU.Build.0 = Release|Any CPU
		{BBBD9233-7AED-48A3-9207-6CEF6851C2F7}.Debug|Any CPU.ActiveCfg = Debug|Any CPU
		{BBBD9233-7AED-48A3-9207-6CEF6851C2F7}.Debug|Any CPU.Build.0 = Debug|Any CPU
		{BBBD9233-7AED-48A3-9207-6CEF6851C2F7}.Release|Any CPU.ActiveCfg = Release|Any CPU
		{BBBD9233-7AED-48A3-9207-6CEF6851C2F7}.Release|Any CPU.Build.0 = Release|Any CPU
		{63FCD1E9-8802-4B4A-B145-7F241CBFFF36}.Debug|Any CPU.ActiveCfg = Debug|Any CPU
		{63FCD1E9-8802-4B4A-B145-7F241CBFFF36}.Debug|Any CPU.Build.0 = Debug|Any CPU
		{63FCD1E9-8802-4B4A-B145-7F241CBFFF36}.Release|Any CPU.ActiveCfg = Release|Any CPU
		{63FCD1E9-8802-4B4A-B145-7F241CBFFF36}.Release|Any CPU.Build.0 = Release|Any CPU
	EndGlobalSection
	GlobalSection(SolutionProperties) = preSolution
		HideSolutionNode = FALSE
	EndGlobalSection
	GlobalSection(ExtensibilityGlobals) = postSolution
		SolutionGuid = {02EBFACA-6BCB-491D-BF94-EE7035FBCA35}
	EndGlobalSection
EndGlobal
